
Microsoft Visual Studio Solution File, Format Version 12.00
# Visual Studio Version 17
VisualStudioVersion = 17.13.35825.156 d17.13
MinimumVisualStudioVersion = 10.0.40219.1
Project("{FAE04EC0-301F-11D3-BF4B-00C04F79EFBC}") = "DadJokeAPI", "DadJokeAPI\DadJokeAPI.csproj", "{7DCAD004-F5DD-4E8B-9F5E-B3A7E9D979EE}"
EndProject
Global
	GlobalSection(SolutionConfigurationPlatforms) = preSolution
		Debug|Any CPU = Debug|Any CPU
		Release|Any CPU = Release|Any CPU
	EndGlobalSection
	GlobalSection(ProjectConfigurationPlatforms) = postSolution
		{7DCAD004-F5DD-4E8B-9F5E-B3A7E9D979EE}.Debug|Any CPU.ActiveCfg = Debug|Any CPU
		{7DCAD004-F5DD-4E8B-9F5E-B3A7E9D979EE}.Debug|Any CPU.Build.0 = Debug|Any CPU
		{7DCAD004-F5DD-4E8B-9F5E-B3A7E9D979EE}.Release|Any CPU.ActiveCfg = Release|Any CPU
		{7DCAD004-F5DD-4E8B-9F5E-B3A7E9D979EE}.Release|Any CPU.Build.0 = Release|Any CPU
	EndGlobalSection
	GlobalSection(SolutionProperties) = preSolution
		HideSolutionNode = FALSE
	EndGlobalSection
	GlobalSection(ExtensibilityGlobals) = postSolution
		SolutionGuid = {61BBD362-F012-4325-AE14-3E1B9EE0766D}
	EndGlobalSection
EndGlobal
